<?xml version="1.0" encoding="utf-8"?>
<Project ToolsVersion="4.0" xmlns="http://schemas.microsoft.com/developer/msbuild/2003">
  <ItemGroup>
    <Filter Include="Source Files">
      <UniqueIdentifier>{4FC737F1-C7A5-4376-A066-2A32D752A2FF}</UniqueIdentifier>
      <Extensions>cpp;c;cc;cxx;def;odl;idl;hpj;bat;asm;asmx</Extensions>
    </Filter>
    <Filter Include="Header Files">
      <UniqueIdentifier>{93995380-89BD-4b04-88EB-625FBE52EBFB}</UniqueIdentifier>
      <Extensions>h;hpp;hxx;hm;inl;inc;xsd</Extensions>
    </Filter>
    <Filter Include="Resource Files">
      <UniqueIdentifier>{67DA6AB6-F800-4c08-8B7A-83BB121AAD01}</UniqueIdentifier>
      <Extensions>rc;ico;cur;bmp;dlg;rc2;rct;bin;rgs;gif;jpg;jpeg;jpe;resx;tiff;tif;png;wav;mfcribbon-ms</Extensions>
    </Filter>
    <Filter Include="Common">
      <UniqueIdentifier>{a4a6ef7c-4004-4a52-8c58-6722c3dd2982}</UniqueIdentifier>
    </Filter>
    <Filter Include="Global">
      <UniqueIdentifier>{78d37da1-6dd2-409c-9a3a-abae015d5dba}</UniqueIdentifier>
    </Filter>
    <Filter Include="HPSocket">
      <UniqueIdentifier>{86f50110-9450-4b76-a198-bd089aab8cc7}</UniqueIdentifier>
    </Filter>
  </ItemGroup>
  <ItemGroup>
    <None Include="ReadMe.txt" />
    <None Include="res\Server.rc2">
      <Filter>Resource Files</Filter>
    </None>
    <None Include="res\Server.ico">
      <Filter>Resource Files</Filter>
    </None>
  </ItemGroup>
  <ItemGroup>
    <ClInclude Include="Server.h">
      <Filter>Header Files</Filter>
    </ClInclude>
    <ClInclude Include="ServerDlg.h">
      <Filter>Header Files</Filter>
    </ClInclude>
    <ClInclude Include="stdafx.h">
      <Filter>Header Files</Filter>
    </ClInclude>
    <ClInclude Include="targetver.h">
      <Filter>Header Files</Filter>
    </ClInclude>
    <ClInclude Include="Resource.h">
      <Filter>Header Files</Filter>
    </ClInclude>
    <ClInclude Include="..\HpSocket\Global\helper.h">
      <Filter>Global</Filter>
    </ClInclude>
    <ClInclude Include="..\HpSocket\Common\bufferpool.h">
      <Filter>Common</Filter>
    </ClInclude>
    <ClInclude Include="..\HpSocket\Common\bufferptr.h">
      <Filter>Common</Filter>
    </ClInclude>
    <ClInclude Include="..\HpSocket\Common\CriticalSection.h">
      <Filter>Common</Filter>
    </ClInclude>
    <ClInclude Include="..\HpSocket\Common\Event.h">
      <Filter>Common</Filter>
    </ClInclude>
    <ClInclude Include="..\HpSocket\Common\FuncHelper.h">
      <Filter>Common</Filter>
    </ClInclude>
    <ClInclude Include="..\HpSocket\Common\GeneralHelper.h">
      <Filter>Common</Filter>
    </ClInclude>
    <ClInclude Include="..\HpSocket\Common\PrivateHeap.h">
      <Filter>Common</Filter>
    </ClInclude>
    <ClInclude Include="..\HpSocket\Common\RingBuffer.h">
      <Filter>Common</Filter>
    </ClInclude>
    <ClInclude Include="..\HpSocket\Common\RWLock.h">
      <Filter>Common</Filter>
    </ClInclude>
    <ClInclude Include="..\HpSocket\Common\SE.h">
      <Filter>Common</Filter>
    </ClInclude>
    <ClInclude Include="..\HpSocket\Common\Semaphore.h">
      <Filter>Common</Filter>
    </ClInclude>
    <ClInclude Include="..\HpSocket\Common\Singleton.h">
      <Filter>Common</Filter>
    </ClInclude>
    <ClInclude Include="..\HpSocket\Common\STLHelper.h">
      <Filter>Common</Filter>
    </ClInclude>
    <ClInclude Include="..\HpSocket\Common\SysHelper.h">
      <Filter>Common</Filter>
    </ClInclude>
    <ClInclude Include="..\HpSocket\Common\Thread.h">
      <Filter>Common</Filter>
    </ClInclude>
    <ClInclude Include="..\HpSocket\Common\WaitFor.h">
      <Filter>Common</Filter>
    </ClInclude>
    <ClInclude Include="..\HpSocket\Common\Win32Helper.h">
      <Filter>Common</Filter>
    </ClInclude>
    <ClInclude Include="..\HpSocket\SocketHelper.h">
      <Filter>HPSocket</Filter>
    </ClInclude>
    <ClInclude Include="..\HpSocket\SocketInterface.h">
      <Filter>HPSocket</Filter>
    </ClInclude>
    <ClInclude Include="..\HpSocket\TcpAgent.h">
      <Filter>HPSocket</Filter>
    </ClInclude>
    <ClInclude Include="..\HpSocket\TcpClient.h">
      <Filter>HPSocket</Filter>
    </ClInclude>
    <ClInclude Include="..\HpSocket\TcpPullAgent.h">
      <Filter>HPSocket</Filter>
    </ClInclude>
    <ClInclude Include="..\HpSocket\TcpPullClient.h">
      <Filter>HPSocket</Filter>
    </ClInclude>
    <ClInclude Include="..\HpSocket\TcpPullServer.h">
      <Filter>HPSocket</Filter>
    </ClInclude>
    <ClInclude Include="..\HpSocket\TcpServer.h">
      <Filter>HPSocket</Filter>
    </ClInclude>
    <ClInclude Include="..\HpSocket\UdpCast.h">
      <Filter>HPSocket</Filter>
    </ClInclude>
    <ClInclude Include="..\HpSocket\UdpClient.h">
      <Filter>HPSocket</Filter>
    </ClInclude>
    <ClInclude Include="..\HpSocket\UdpServer.h">
      <Filter>HPSocket</Filter>
    </ClInclude>
  </ItemGroup>
  <ItemGroup>
    <ClCompile Include="Server.cpp">
      <Filter>Source Files</Filter>
    </ClCompile>
    <ClCompile Include="ServerDlg.cpp">
      <Filter>Source Files</Filter>
    </ClCompile>
    <ClCompile Include="stdafx.cpp">
      <Filter>Source Files</Filter>
    </ClCompile>
    <ClCompile Include="..\HpSocket\Global\helper.cpp">
      <Filter>Global</Filter>
    </ClCompile>
    <ClCompile Include="..\HpSocket\Common\bufferpool.cpp">
      <Filter>Common</Filter>
    </ClCompile>
    <ClCompile Include="..\HpSocket\Common\bufferptr.cpp">
      <Filter>Common</Filter>
    </ClCompile>
    <ClCompile Include="..\HpSocket\Common\CriticalSection.cpp">
      <Filter>Common</Filter>
    </ClCompile>
    <ClCompile Include="..\HpSocket\Common\Event.cpp">
      <Filter>Common</Filter>
    </ClCompile>
    <ClCompile Include="..\HpSocket\Common\FuncHelper.cpp">
      <Filter>Common</Filter>
    </ClCompile>
    <ClCompile Include="..\HpSocket\Common\GeneralHelper.cpp">
      <Filter>Common</Filter>
    </ClCompile>
    <ClCompile Include="..\HpSocket\Common\PrivateHeap.cpp">
      <Filter>Common</Filter>
    </ClCompile>
    <ClCompile Include="..\HpSocket\Common\RingBuffer.cpp">
      <Filter>Common</Filter>
    </ClCompile>
    <ClCompile Include="..\HpSocket\Common\RWLock.cpp">
      <Filter>Common</Filter>
    </ClCompile>
    <ClCompile Include="..\HpSocket\Common\Semaphore.cpp">
      <Filter>Common</Filter>
    </ClCompile>
    <ClCompile Include="..\HpSocket\Common\SysHelper.cpp">
      <Filter>Common</Filter>
    </ClCompile>
    <ClCompile Include="..\HpSocket\Common\Thread.cpp">
      <Filter>Common</Filter>
    </ClCompile>
    <ClCompile Include="..\HpSocket\Common\WaitFor.cpp">
      <Filter>Common</Filter>
    </ClCompile>
    <ClCompile Include="..\HpSocket\SocketHelper.cpp">
      <Filter>HPSocket</Filter>
    </ClCompile>
    <ClCompile Include="..\HpSocket\TcpAgent.cpp">
      <Filter>HPSocket</Filter>
    </ClCompile>
    <ClCompile Include="..\HpSocket\TcpClient.cpp">
      <Filter>HPSocket</Filter>
    </ClCompile>
    <ClCompile Include="..\HpSocket\TcpPullAgent.cpp">
      <Filter>HPSocket</Filter>
    </ClCompile>
    <ClCompile Include="..\HpSocket\TcpPullClient.cpp">
      <Filter>HPSocket</Filter>
    </ClCompile>
    <ClCompile Include="..\HpSocket\TcpPullServer.cpp">
      <Filter>HPSocket</Filter>
    </ClCompile>
    <ClCompile Include="..\HpSocket\TcpServer.cpp">
      <Filter>HPSocket</Filter>
    </ClCompile>
    <ClCompile Include="..\HpSocket\UdpCast.cpp">
      <Filter>HPSocket</Filter>
    </ClCompile>
    <ClCompile Include="..\HpSocket\UdpClient.cpp">
      <Filter>HPSocket</Filter>
    </ClCompile>
    <ClCompile Include="..\HpSocket\UdpServer.cpp">
      <Filter>HPSocket</Filter>
    </ClCompile>
  </ItemGroup>
  <ItemGroup>
    <ResourceCompile Include="Server.rc">
      <Filter>Resource Files</Filter>
    </ResourceCompile>
  </ItemGroup>
</Project>